
Microsoft Visual Studio Solution File, Format Version 12.00
# Visual Studio Version 17
VisualStudioVersion = 17.7.34031.279
MinimumVisualStudioVersion = 10.0.40219.1
Project("{2150E333-8FDC-42A3-9474-1A3956D46DE8}") = "src", "src", "{FC0D6375-BF5B-4876-934D-95EAB8E1954A}"
EndProject
Project("{2150E333-8FDC-42A3-9474-1A3956D46DE8}") = "Core", "Core", "{0432B396-B722-4067-9BF8-7F6231565D12}"
EndProject
Project("{2150E333-8FDC-42A3-9474-1A3956D46DE8}") = "API", "API", "{9E794846-D8EC-441F-AA0F-9A0FDDE9FE7B}"
EndProject
Project("{FAE04EC0-301F-11D3-BF4B-00C04F79EFBC}") = "BlogApp.Domain", "BlogApp.Domain\BlogApp.Domain.csproj", "{886E4ABE-D43F-48E2-B2BA-9D76863044E8}"
EndProject
Project("{FAE04EC0-301F-11D3-BF4B-00C04F79EFBC}") = "BlogApp.Application", "BlogApp.Application\BlogApp.Application.csproj", "{663E57FD-7D0E-464E-8B7B-A5B7C1847511}"
EndProject
Global
	GlobalSection(SolutionConfigurationPlatforms) = preSolution
		Debug|Any CPU = Debug|Any CPU
		Release|Any CPU = Release|Any CPU
	EndGlobalSection
	GlobalSection(ProjectConfigurationPlatforms) = postSolution
		{886E4ABE-D43F-48E2-B2BA-9D76863044E8}.Debug|Any CPU.ActiveCfg = Debug|Any CPU
		{886E4ABE-D43F-48E2-B2BA-9D76863044E8}.Debug|Any CPU.Build.0 = Debug|Any CPU
		{886E4ABE-D43F-48E2-B2BA-9D76863044E8}.Release|Any CPU.ActiveCfg = Release|Any CPU
		{886E4ABE-D43F-48E2-B2BA-9D76863044E8}.Release|Any CPU.Build.0 = Release|Any CPU
		{663E57FD-7D0E-464E-8B7B-A5B7C1847511}.Debug|Any CPU.ActiveCfg = Debug|Any CPU
		{663E57FD-7D0E-464E-8B7B-A5B7C1847511}.Debug|Any CPU.Build.0 = Debug|Any CPU
		{663E57FD-7D0E-464E-8B7B-A5B7C1847511}.Release|Any CPU.ActiveCfg = Release|Any CPU
		{663E57FD-7D0E-464E-8B7B-A5B7C1847511}.Release|Any CPU.Build.0 = Release|Any CPU
	EndGlobalSection
	GlobalSection(SolutionProperties) = preSolution
		HideSolutionNode = FALSE
	EndGlobalSection
	GlobalSection(NestedProjects) = preSolution
		{0432B396-B722-4067-9BF8-7F6231565D12} = {FC0D6375-BF5B-4876-934D-95EAB8E1954A}
		{9E794846-D8EC-441F-AA0F-9A0FDDE9FE7B} = {FC0D6375-BF5B-4876-934D-95EAB8E1954A}
		{886E4ABE-D43F-48E2-B2BA-9D76863044E8} = {0432B396-B722-4067-9BF8-7F6231565D12}
		{663E57FD-7D0E-464E-8B7B-A5B7C1847511} = {0432B396-B722-4067-9BF8-7F6231565D12}
	EndGlobalSection
	GlobalSection(ExtensibilityGlobals) = postSolution
		SolutionGuid = {5E7F1291-8567-4760-8601-410C4960B4EA}
	EndGlobalSection
EndGlobal
