
Microsoft Visual Studio Solution File, Format Version 12.00
# Visual Studio Version 17
VisualStudioVersion = 17.7.34031.279
MinimumVisualStudioVersion = 10.0.40219.1
Project("{2150E333-8FDC-42A3-9474-1A3956D46DE8}") = "src", "src", "{7C78EF90-BD24-4B7C-856A-46E67F9CED80}"
EndProject
Project("{2150E333-8FDC-42A3-9474-1A3956D46DE8}") = "Core", "Core", "{94FB1FBC-61EB-45BA-9901-75BEF0D15335}"
EndProject
Project("{FAE04EC0-301F-11D3-BF4B-00C04F79EFBC}") = "BlogApplication.Domain", "BlogApplication.Domain\BlogApplication.Domain.csproj", "{56745271-C74A-4E45-85D6-3F6F022F8099}"
EndProject
Project("{FAE04EC0-301F-11D3-BF4B-00C04F79EFBC}") = "BlogApplication.Application", "BlogApplication.Application\BlogApplication.Application.csproj", "{923AECFE-8540-463B-ADA0-39717F818BA2}"
EndProject
Global
	GlobalSection(SolutionConfigurationPlatforms) = preSolution
		Debug|Any CPU = Debug|Any CPU
		Release|Any CPU = Release|Any CPU
	EndGlobalSection
	GlobalSection(ProjectConfigurationPlatforms) = postSolution
		{56745271-C74A-4E45-85D6-3F6F022F8099}.Debug|Any CPU.ActiveCfg = Debug|Any CPU
		{56745271-C74A-4E45-85D6-3F6F022F8099}.Debug|Any CPU.Build.0 = Debug|Any CPU
		{56745271-C74A-4E45-85D6-3F6F022F8099}.Release|Any CPU.ActiveCfg = Release|Any CPU
		{56745271-C74A-4E45-85D6-3F6F022F8099}.Release|Any CPU.Build.0 = Release|Any CPU
		{923AECFE-8540-463B-ADA0-39717F818BA2}.Debug|Any CPU.ActiveCfg = Debug|Any CPU
		{923AECFE-8540-463B-ADA0-39717F818BA2}.Debug|Any CPU.Build.0 = Debug|Any CPU
		{923AECFE-8540-463B-ADA0-39717F818BA2}.Release|Any CPU.ActiveCfg = Release|Any CPU
		{923AECFE-8540-463B-ADA0-39717F818BA2}.Release|Any CPU.Build.0 = Release|Any CPU
	EndGlobalSection
	GlobalSection(SolutionProperties) = preSolution
		HideSolutionNode = FALSE
	EndGlobalSection
	GlobalSection(NestedProjects) = preSolution
		{94FB1FBC-61EB-45BA-9901-75BEF0D15335} = {7C78EF90-BD24-4B7C-856A-46E67F9CED80}
		{56745271-C74A-4E45-85D6-3F6F022F8099} = {94FB1FBC-61EB-45BA-9901-75BEF0D15335}
		{923AECFE-8540-463B-ADA0-39717F818BA2} = {94FB1FBC-61EB-45BA-9901-75BEF0D15335}
	EndGlobalSection
	GlobalSection(ExtensibilityGlobals) = postSolution
		SolutionGuid = {D71CBFA9-9DDC-494F-97FC-93F1C78064A7}
	EndGlobalSection
EndGlobal
