
Microsoft Visual Studio Solution File, Format Version 12.00
# Visual Studio Version 17
VisualStudioVersion = 17.7.34031.279
MinimumVisualStudioVersion = 10.0.40219.1
Project("{2150E333-8FDC-42A3-9474-1A3956D46DE8}") = "src", "src", "{7C78EF90-BD24-4B7C-856A-46E67F9CED80}"
EndProject
Project("{2150E333-8FDC-42A3-9474-1A3956D46DE8}") = "Core", "Core", "{94FB1FBC-61EB-45BA-9901-75BEF0D15335}"
EndProject
Project("{9A19103F-16F7-4668-BE54-9A1E7A4F7556}") = "BlogApplication.Domain", "BlogApplication.Domain\BlogApplication.Domain.csproj", "{56745271-C74A-4E45-85D6-3F6F022F8099}"
EndProject
Project("{9A19103F-16F7-4668-BE54-9A1E7A4F7556}") = "BlogApplication.Application", "BlogApplication.Application\BlogApplication.Application.csproj", "{923AECFE-8540-463B-ADA0-39717F818BA2}"
EndProject
Project("{2150E333-8FDC-42A3-9474-1A3956D46DE8}") = "API", "API", "{1843F8C6-33F3-4F75-A710-BA87B9941C2A}"
EndProject
Project("{2150E333-8FDC-42A3-9474-1A3956D46DE8}") = "Infrastructure", "Infrastructure", "{6FE09B60-3DD9-49A3-94D1-70F80E27C1E4}"
EndProject
Project("{9A19103F-16F7-4668-BE54-9A1E7A4F7556}") = "BlogApplication.Persistence", "BlogApplication.Persistence\BlogApplication.Persistence.csproj", "{CF57A9B7-17AF-48BA-9E87-F25283707562}"
EndProject
Project("{FAE04EC0-301F-11D3-BF4B-00C04F79EFBC}") = "BlogApplication.Api", "BlogApplication.Api\BlogApplication.Api.csproj", "{DF2BD6B9-B61A-4192-8D12-EDB1A283CAFF}"
EndProject
Global
	GlobalSection(SolutionConfigurationPlatforms) = preSolution
		Debug|Any CPU = Debug|Any CPU
		Release|Any CPU = Release|Any CPU
	EndGlobalSection
	GlobalSection(ProjectConfigurationPlatforms) = postSolution
		{56745271-C74A-4E45-85D6-3F6F022F8099}.Debug|Any CPU.ActiveCfg = Debug|Any CPU
		{56745271-C74A-4E45-85D6-3F6F022F8099}.Debug|Any CPU.Build.0 = Debug|Any CPU
		{56745271-C74A-4E45-85D6-3F6F022F8099}.Release|Any CPU.ActiveCfg = Release|Any CPU
		{56745271-C74A-4E45-85D6-3F6F022F8099}.Release|Any CPU.Build.0 = Release|Any CPU
		{923AECFE-8540-463B-ADA0-39717F818BA2}.Debug|Any CPU.ActiveCfg = Debug|Any CPU
		{923AECFE-8540-463B-ADA0-39717F818BA2}.Debug|Any CPU.Build.0 = Debug|Any CPU
		{923AECFE-8540-463B-ADA0-39717F818BA2}.Release|Any CPU.ActiveCfg = Release|Any CPU
		{923AECFE-8540-463B-ADA0-39717F818BA2}.Release|Any CPU.Build.0 = Release|Any CPU
		{CF57A9B7-17AF-48BA-9E87-F25283707562}.Debug|Any CPU.ActiveCfg = Debug|Any CPU
		{CF57A9B7-17AF-48BA-9E87-F25283707562}.Debug|Any CPU.Build.0 = Debug|Any CPU
		{CF57A9B7-17AF-48BA-9E87-F25283707562}.Release|Any CPU.ActiveCfg = Release|Any CPU
		{CF57A9B7-17AF-48BA-9E87-F25283707562}.Release|Any CPU.Build.0 = Release|Any CPU
		{DF2BD6B9-B61A-4192-8D12-EDB1A283CAFF}.Debug|Any CPU.ActiveCfg = Debug|Any CPU
		{DF2BD6B9-B61A-4192-8D12-EDB1A283CAFF}.Debug|Any CPU.Build.0 = Debug|Any CPU
		{DF2BD6B9-B61A-4192-8D12-EDB1A283CAFF}.Release|Any CPU.ActiveCfg = Release|Any CPU
		{DF2BD6B9-B61A-4192-8D12-EDB1A283CAFF}.Release|Any CPU.Build.0 = Release|Any CPU
	EndGlobalSection
	GlobalSection(SolutionProperties) = preSolution
		HideSolutionNode = FALSE
	EndGlobalSection
	GlobalSection(NestedProjects) = preSolution
		{94FB1FBC-61EB-45BA-9901-75BEF0D15335} = {7C78EF90-BD24-4B7C-856A-46E67F9CED80}
		{56745271-C74A-4E45-85D6-3F6F022F8099} = {94FB1FBC-61EB-45BA-9901-75BEF0D15335}
		{923AECFE-8540-463B-ADA0-39717F818BA2} = {94FB1FBC-61EB-45BA-9901-75BEF0D15335}
		{1843F8C6-33F3-4F75-A710-BA87B9941C2A} = {7C78EF90-BD24-4B7C-856A-46E67F9CED80}
		{6FE09B60-3DD9-49A3-94D1-70F80E27C1E4} = {7C78EF90-BD24-4B7C-856A-46E67F9CED80}
		{CF57A9B7-17AF-48BA-9E87-F25283707562} = {6FE09B60-3DD9-49A3-94D1-70F80E27C1E4}
		{DF2BD6B9-B61A-4192-8D12-EDB1A283CAFF} = {1843F8C6-33F3-4F75-A710-BA87B9941C2A}
	EndGlobalSection
	GlobalSection(ExtensibilityGlobals) = postSolution
		SolutionGuid = {D71CBFA9-9DDC-494F-97FC-93F1C78064A7}
	EndGlobalSection
EndGlobal
